
Microsoft Visual Studio Solution File, Format Version 12.00
Project("{FAE04EC0-301F-11D3-BF4B-00C04F79EFBC}") = "WebApplication2", "WebApplication2\WebApplication2.csproj", "{C24B6086-4DFE-42C7-B284-EFFEF60BDE8A}"
EndProject
Global
	GlobalSection(SolutionConfigurationPlatforms) = preSolution
		Debug|Any CPU = Debug|Any CPU
		Release|Any CPU = Release|Any CPU
	EndGlobalSection
	GlobalSection(ProjectConfigurationPlatforms) = postSolution
		{C24B6086-4DFE-42C7-B284-EFFEF60BDE8A}.Debug|Any CPU.ActiveCfg = Debug|Any CPU
		{C24B6086-4DFE-42C7-B284-EFFEF60BDE8A}.Debug|Any CPU.Build.0 = Debug|Any CPU
		{C24B6086-4DFE-42C7-B284-EFFEF60BDE8A}.Release|Any CPU.ActiveCfg = Release|Any CPU
		{C24B6086-4DFE-42C7-B284-EFFEF60BDE8A}.Release|Any CPU.Build.0 = Release|Any CPU
	EndGlobalSection
EndGlobal
